
Microsoft Visual Studio Solution File, Format Version 12.00
# Visual Studio Version 17
VisualStudioVersion = 17.5.33627.172
MinimumVisualStudioVersion = 10.0.40219.1
Project("{FAE04EC0-301F-11D3-BF4B-00C04F79EFBC}") = "ConditionalSwitch", "ConditionalSwitch.csproj", "{3243AFA1-7B38-4DD0-908D-5C090FDDC450}"
EndProject
Global
	GlobalSection(SolutionConfigurationPlatforms) = preSolution
		Debug|Any CPU = Debug|Any CPU
		Release|Any CPU = Release|Any CPU
	EndGlobalSection
	GlobalSection(ProjectConfigurationPlatforms) = postSolution
		{3243AFA1-7B38-4DD0-908D-5C090FDDC450}.Debug|Any CPU.ActiveCfg = Debug|Any CPU
		{3243AFA1-7B38-4DD0-908D-5C090FDDC450}.Debug|Any CPU.Build.0 = Debug|Any CPU
		{3243AFA1-7B38-4DD0-908D-5C090FDDC450}.Release|Any CPU.ActiveCfg = Release|Any CPU
		{3243AFA1-7B38-4DD0-908D-5C090FDDC450}.Release|Any CPU.Build.0 = Release|Any CPU
	EndGlobalSection
	GlobalSection(SolutionProperties) = preSolution
		HideSolutionNode = FALSE
	EndGlobalSection
	GlobalSection(ExtensibilityGlobals) = postSolution
		SolutionGuid = {9764D7EE-21C7-476A-B192-B9C5D950E73F}
	EndGlobalSection
EndGlobal
