
Microsoft Visual Studio Solution File, Format Version 12.00
# Visual Studio Version 17
VisualStudioVersion = 17.5.33627.172
MinimumVisualStudioVersion = 10.0.40219.1
Project("{FAE04EC0-301F-11D3-BF4B-00C04F79EFBC}") = "CicloFor", "CicloFor.csproj", "{92BE9FF0-90F0-428F-99C1-3E256C8783CD}"
EndProject
Global
	GlobalSection(SolutionConfigurationPlatforms) = preSolution
		Debug|Any CPU = Debug|Any CPU
		Release|Any CPU = Release|Any CPU
	EndGlobalSection
	GlobalSection(ProjectConfigurationPlatforms) = postSolution
		{92BE9FF0-90F0-428F-99C1-3E256C8783CD}.Debug|Any CPU.ActiveCfg = Debug|Any CPU
		{92BE9FF0-90F0-428F-99C1-3E256C8783CD}.Debug|Any CPU.Build.0 = Debug|Any CPU
		{92BE9FF0-90F0-428F-99C1-3E256C8783CD}.Release|Any CPU.ActiveCfg = Release|Any CPU
		{92BE9FF0-90F0-428F-99C1-3E256C8783CD}.Release|Any CPU.Build.0 = Release|Any CPU
	EndGlobalSection
	GlobalSection(SolutionProperties) = preSolution
		HideSolutionNode = FALSE
	EndGlobalSection
	GlobalSection(ExtensibilityGlobals) = postSolution
		SolutionGuid = {B5B62A36-679D-4F99-852E-7BE944CCF95C}
	EndGlobalSection
EndGlobal
